<Solution>
  <Project Path="ConsoleApp/ConsoleApp.csproj" Id="190217ae-4348-46a6-a4e2-6e39aa8021fd" />
  <Project Path="GUI_WinFormsListbox/GUI_WinFormsListbox.csproj" Id="d08dfe8b-2638-47fa-a659-ed27e3b6720c" />
  <Project Path="GUI_Winform_restapi/WindowsFormsRestApi.csproj" Id="68679888-050d-4934-a2ce-f6a1bdf18591" />
</Solution>
